{
  "nodes": {
    "home-manager": {
      "inputs": {
        "nixpkgs": "nixpkgs"
      },
      "locked": {
        "lastModified": 1748529677,
        "narHash": "sha256-MJEX3Skt5EAIs/aGHD8/aXXZPcceMMHheyIGSjvxZN0=",
        "owner": "nix-community",
        "repo": "home-manager",
        "rev": "da282034f4d30e787b8a10722431e8b650a907ef",
        "type": "github"
      },
      "original": {
        "owner": "nix-community",
        "repo": "home-manager",
        "type": "github"
      }
    },
    "nixpkgs": {
      "locked": {
        "lastModified": 1748190013,
        "narHash": "sha256-R5HJFflOfsP5FBtk+zE8FpL8uqE7n62jqOsADvVshhE=",
        "owner": "NixOS",
        "repo": "nixpkgs",
        "rev": "62b852f6c6742134ade1abdd2a21685fd617a291",
        "type": "github"
      },
      "original": {
        "owner": "NixOS",
        "ref": "nixos-unstable",
        "repo": "nixpkgs",
        "type": "github"
      }
    },
    "root": {
      "inputs": {
        "home-manager": "home-manager",
        "nixpkgs": [
          "home-manager",
          "nixpkgs"
        ],
        "wrapper-manager": "wrapper-manager"
      }
    },
    "wrapper-manager": {
      "inputs": {
        "nixpkgs": [
          "nixpkgs"
        ]
      },
      "locked": {
        "lastModified": 1747562021,
        "narHash": "sha256-XfF+5zjoWbAcAiGNb++og6yDGJRwWYpADr9P6WuieQA=",
        "owner": "viperML",
        "repo": "wrapper-manager",
        "rev": "f2b0bec5140403cf24cae96f6764d97b5d59b0e2",
        "type": "github"
      },
      "original": {
        "owner": "viperML",
        "repo": "wrapper-manager",
        "type": "github"
      }
    }
  },
  "root": "root",
  "version": 7
}
