{
  "nodes": {
    "home-manager": {
      "inputs": {
        "nixpkgs": "nixpkgs"
      },
      "locked": {
        "lastModified": 1752093218,
        "narHash": "sha256-+3rXu8ewcNDi65/2mKkdSGrivQs5zEZVp5aYszXC0d0=",
        "owner": "nix-community",
        "repo": "home-manager",
        "rev": "206ed3c71418b52e176f16f58805c96e84555320",
        "type": "github"
      },
      "original": {
        "owner": "nix-community",
        "repo": "home-manager",
        "type": "github"
      }
    },
    "nixpkgs": {
      "locked": {
        "lastModified": 1751637120,
        "narHash": "sha256-xVNy/XopSfIG9c46nRmPaKfH1Gn/56vQ8++xWA8itO4=",
        "owner": "NixOS",
        "repo": "nixpkgs",
        "rev": "5c724ed1388e53cc231ed98330a60eb2f7be4be3",
        "type": "github"
      },
      "original": {
        "owner": "NixOS",
        "ref": "nixos-unstable",
        "repo": "nixpkgs",
        "type": "github"
      }
    },
    "root": {
      "inputs": {
        "home-manager": "home-manager",
        "nixpkgs": [
          "home-manager",
          "nixpkgs"
        ],
        "wrapper-manager": "wrapper-manager"
      }
    },
    "wrapper-manager": {
      "locked": {
        "lastModified": 1751998186,
        "narHash": "sha256-np2RxS8tRz/jGfUSYKxzg7cCi4dS8PL8gutLZfPMbIY=",
        "owner": "viperML",
        "repo": "wrapper-manager",
        "rev": "8ad2484b485acad0632cb0af15b5eb704e3c1d0a",
        "type": "github"
      },
      "original": {
        "owner": "viperML",
        "repo": "wrapper-manager",
        "type": "github"
      }
    }
  },
  "root": "root",
  "version": 7
}
